// !$*UTF8*$!
{
	archiveVersion = 1;
	classes = {
	};
	objectVersion = 50;
	objects = {

/* Begin PBXBuildFile section */
		F5120383240C976800F1D156 /* AppDelegate.swift in Sources */ = {isa = PBXBuildFile; fileRef = F5120382240C976800F1D156 /* AppDelegate.swift */; };
		F5120385240C976800F1D156 /* SceneDelegate.swift in Sources */ = {isa = PBXBuildFile; fileRef = F5120384240C976800F1D156 /* SceneDelegate.swift */; };
		F5120387240C976800F1D156 /* ContentView.swift in Sources */ = {isa = PBXBuildFile; fileRef = F5120386240C976800F1D156 /* ContentView.swift */; };
		F5120389240C976A00F1D156 /* Assets.xcassets in Resources */ = {isa = PBXBuildFile; fileRef = F5120388240C976A00F1D156 /* Assets.xcassets */; };
		F512038C240C976A00F1D156 /* Preview Assets.xcassets in Resources */ = {isa = PBXBuildFile; fileRef = F512038B240C976A00F1D156 /* Preview Assets.xcassets */; };
		F512038F240C976A00F1D156 /* LaunchScreen.storyboard in Resources */ = {isa = PBXBuildFile; fileRef = F512038D240C976A00F1D156 /* LaunchScreen.storyboard */; };
		F5F4F6A62414A164009C9959 /* Welcome Screen.swift in Sources */ = {isa = PBXBuildFile; fileRef = F5F4F6A52414A164009C9959 /* Welcome Screen.swift */; };
		F5F8FB6524148D6B00D37376 /* Water Screen.swift in Sources */ = {isa = PBXBuildFile; fileRef = F5F8FB6424148D6B00D37376 /* Water Screen.swift */; };
		F5F8FB6724149C4C00D37376 /* Trackers Screen.swift in Sources */ = {isa = PBXBuildFile; fileRef = F5F8FB6624149C4C00D37376 /* Trackers Screen.swift */; };
/* End PBXBuildFile section */

/* Begin PBXFileReference section */
		F512037F240C976800F1D156 /* Sage.app */ = {isa = PBXFileReference; explicitFileType = wrapper.application; includeInIndex = 0; path = Sage.app; sourceTree = BUILT_PRODUCTS_DIR; };
		F5120382240C976800F1D156 /* AppDelegate.swift */ = {isa = PBXFileReference; lastKnownFileType = sourcecode.swift; path = AppDelegate.swift; sourceTree = "<group>"; };
		F5120384240C976800F1D156 /* SceneDelegate.swift */ = {isa = PBXFileReference; lastKnownFileType = sourcecode.swift; path = SceneDelegate.swift; sourceTree = "<group>"; };
		F5120386240C976800F1D156 /* ContentView.swift */ = {isa = PBXFileReference; lastKnownFileType = sourcecode.swift; path = ContentView.swift; sourceTree = "<group>"; };
		F5120388240C976A00F1D156 /* Assets.xcassets */ = {isa = PBXFileReference; lastKnownFileType = folder.assetcatalog; path = Assets.xcassets; sourceTree = "<group>"; };
		F512038B240C976A00F1D156 /* Preview Assets.xcassets */ = {isa = PBXFileReference; lastKnownFileType = folder.assetcatalog; path = "Preview Assets.xcassets"; sourceTree = "<group>"; };
		F512038E240C976A00F1D156 /* Base */ = {isa = PBXFileReference; lastKnownFileType = file.storyboard; name = Base; path = Base.lproj/LaunchScreen.storyboard; sourceTree = "<group>"; };
		F5120390240C976A00F1D156 /* Info.plist */ = {isa = PBXFileReference; lastKnownFileType = text.plist.xml; path = Info.plist; sourceTree = "<group>"; };
		F5F4F6A52414A164009C9959 /* Welcome Screen.swift */ = {isa = PBXFileReference; lastKnownFileType = sourcecode.swift; path = "Welcome Screen.swift"; sourceTree = "<group>"; };
		F5F8FB6424148D6B00D37376 /* Water Screen.swift */ = {isa = PBXFileReference; lastKnownFileType = sourcecode.swift; path = "Water Screen.swift"; sourceTree = "<group>"; };
		F5F8FB6624149C4C00D37376 /* Trackers Screen.swift */ = {isa = PBXFileReference; lastKnownFileType = sourcecode.swift; path = "Trackers Screen.swift"; sourceTree = "<group>"; };
/* End PBXFileReference section */

/* Begin PBXFrameworksBuildPhase section */
		F512037C240C976800F1D156 /* Frameworks */ = {
			isa = PBXFrameworksBuildPhase;
			buildActionMask = 2147483647;
			files = (
			);
			runOnlyForDeploymentPostprocessing = 0;
		};
/* End PBXFrameworksBuildPhase section */

/* Begin PBXGroup section */
		F5120376240C976800F1D156 = {
			isa = PBXGroup;
			children = (
				F5120381240C976800F1D156 /* Sage */,
				F5120380240C976800F1D156 /* Products */,
			);
			sourceTree = "<group>";
		};
		F5120380240C976800F1D156 /* Products */ = {
			isa = PBXGroup;
			children = (
				F512037F240C976800F1D156 /* Sage.app */,
			);
			name = Products;
			sourceTree = "<group>";
		};
		F5120381240C976800F1D156 /* Sage */ = {
			isa = PBXGroup;
			children = (
				F5120382240C976800F1D156 /* AppDelegate.swift */,
				F5120384240C976800F1D156 /* SceneDelegate.swift */,
				F5120386240C976800F1D156 /* ContentView.swift */,
				F5F4F6A52414A164009C9959 /* Welcome Screen.swift */,
				F5F8FB6624149C4C00D37376 /* Trackers Screen.swift */,
				F5F8FB6424148D6B00D37376 /* Water Screen.swift */,
				F5120388240C976A00F1D156 /* Assets.xcassets */,
				F512038D240C976A00F1D156 /* LaunchScreen.storyboard */,
				F5120390240C976A00F1D156 /* Info.plist */,
				F512038A240C976A00F1D156 /* Preview Content */,
			);
			path = Sage;
			sourceTree = "<group>";
		};
		F512038A240C976A00F1D156 /* Preview Content */ = {
			isa = PBXGroup;
			children = (
				F512038B240C976A00F1D156 /* Preview Assets.xcassets */,
			);
			path = "Preview Content";
			sourceTree = "<group>";
		};
/* End PBXGroup section */

/* Begin PBXNativeTarget section */
		F512037E240C976800F1D156 /* Sage */ = {
			isa = PBXNativeTarget;
			buildConfigurationList = F5120393240C976A00F1D156 /* Build configuration list for PBXNativeTarget "Sage" */;
			buildPhases = (
				F512037B240C976800F1D156 /* Sources */,
				F512037C240C976800F1D156 /* Frameworks */,
				F512037D240C976800F1D156 /* Resources */,
			);
			buildRules = (
			);
			dependencies = (
			);
			name = Sage;
			productName = Sage;
			productReference = F512037F240C976800F1D156 /* Sage.app */;
			productType = "com.apple.product-type.application";
		};
/* End PBXNativeTarget section */

/* Begin PBXProject section */
		F5120377240C976800F1D156 /* Project object */ = {
			isa = PBXProject;
			attributes = {
				LastSwiftUpdateCheck = 1130;
				LastUpgradeCheck = 1130;
				ORGANIZATIONNAME = Amber;
				TargetAttributes = {
					F512037E240C976800F1D156 = {
						CreatedOnToolsVersion = 11.3.1;
					};
				};
			};
			buildConfigurationList = F512037A240C976800F1D156 /* Build configuration list for PBXProject "Sage" */;
			compatibilityVersion = "Xcode 9.3";
			developmentRegion = en;
			hasScannedForEncodings = 0;
			knownRegions = (
				en,
				Base,
			);
			mainGroup = F5120376240C976800F1D156;
			productRefGroup = F5120380240C976800F1D156 /* Products */;
			projectDirPath = "";
			projectRoot = "";
			targets = (
				F512037E240C976800F1D156 /* Sage */,
			);
		};
/* End PBXProject section */

/* Begin PBXResourcesBuildPhase section */
		F512037D240C976800F1D156 /* Resources */ = {
			isa = PBXResourcesBuildPhase;
			buildActionMask = 2147483647;
			files = (
				F512038F240C976A00F1D156 /* LaunchScreen.storyboard in Resources */,
				F512038C240C976A00F1D156 /* Preview Assets.xcassets in Resources */,
				F5120389240C976A00F1D156 /* Assets.xcassets in Resources */,
			);
			runOnlyForDeploymentPostprocessing = 0;
		};
/* End PBXResourcesBuildPhase section */

/* Begin PBXSourcesBuildPhase section */
		F512037B240C976800F1D156 /* Sources */ = {
			isa = PBXSourcesBuildPhase;
			buildActionMask = 2147483647;
			files = (
				F5F8FB6524148D6B00D37376 /* Water Screen.swift in Sources */,
				F5120383240C976800F1D156 /* AppDelegate.swift in Sources */,
				F5F8FB6724149C4C00D37376 /* Trackers Screen.swift in Sources */,
				F5120385240C976800F1D156 /* SceneDelegate.swift in Sources */,
				F5120387240C976800F1D156 /* ContentView.swift in Sources */,
				F5F4F6A62414A164009C9959 /* Welcome Screen.swift in Sources */,
			);
			runOnlyForDeploymentPostprocessing = 0;
		};
/* End PBXSourcesBuildPhase section */

/* Begin PBXVariantGroup section */
		F512038D240C976A00F1D156 /* LaunchScreen.storyboard */ = {
			isa = PBXVariantGroup;
			children = (
				F512038E240C976A00F1D156 /* Base */,
			);
			name = LaunchScreen.storyboard;
			sourceTree = "<group>";
		};
/* End PBXVariantGroup section */

/* Begin XCBuildConfiguration section */
		F5120391240C976A00F1D156 /* Debug */ = {
			isa = XCBuildConfiguration;
			buildSettings = {
				ALWAYS_SEARCH_USER_PATHS = NO;
				CLANG_ANALYZER_NONNULL = YES;
				CLANG_ANALYZER_NUMBER_OBJECT_CONVERSION = YES_AGGRESSIVE;
				CLANG_CXX_LANGUAGE_STANDARD = "gnu++14";
				CLANG_CXX_LIBRARY = "libc++";
				CLANG_ENABLE_MODULES = YES;
				CLANG_ENABLE_OBJC_ARC = YES;
				CLANG_ENABLE_OBJC_WEAK = YES;
				CLANG_WARN_BLOCK_CAPTURE_AUTORELEASING = YES;
				CLANG_WARN_BOOL_CONVERSION = YES;
				CLANG_WARN_COMMA = YES;
				CLANG_WARN_CONSTANT_CONVERSION = YES;
				CLANG_WARN_DEPRECATED_OBJC_IMPLEMENTATIONS = YES;
				CLANG_WARN_DIRECT_OBJC_ISA_USAGE = YES_ERROR;
				CLANG_WARN_DOCUMENTATION_COMMENTS = YES;
				CLANG_WARN_EMPTY_BODY = YES;
				CLANG_WARN_ENUM_CONVERSION = YES;
				CLANG_WARN_INFINITE_RECURSION = YES;
				CLANG_WARN_INT_CONVERSION = YES;
				CLANG_WARN_NON_LITERAL_NULL_CONVERSION = YES;
				CLANG_WARN_OBJC_IMPLICIT_RETAIN_SELF = YES;
				CLANG_WARN_OBJC_LITERAL_CONVERSION = YES;
				CLANG_WARN_OBJC_ROOT_CLASS = YES_ERROR;
				CLANG_WARN_RANGE_LOOP_ANALYSIS = YES;
				CLANG_WARN_STRICT_PROTOTYPES = YES;
				CLANG_WARN_SUSPICIOUS_MOVE = YES;
				CLANG_WARN_UNGUARDED_AVAILABILITY = YES_AGGRESSIVE;
				CLANG_WARN_UNREACHABLE_CODE = YES;
				CLANG_WARN__DUPLICATE_METHOD_MATCH = YES;
				COPY_PHASE_STRIP = NO;
				DEBUG_INFORMATION_FORMAT = dwarf;
				ENABLE_STRICT_OBJC_MSGSEND = YES;
				ENABLE_TESTABILITY = YES;
				GCC_C_LANGUAGE_STANDARD = gnu11;
				GCC_DYNAMIC_NO_PIC = NO;
				GCC_NO_COMMON_BLOCKS = YES;
				GCC_OPTIMIZATION_LEVEL = 0;
				GCC_PREPROCESSOR_DEFINITIONS = (
					"DEBUG=1",
					"$(inherited)",
				);
				GCC_WARN_64_TO_32_BIT_CONVERSION = YES;
				GCC_WARN_ABOUT_RETURN_TYPE = YES_ERROR;
				GCC_WARN_UNDECLARED_SELECTOR = YES;
				GCC_WARN_UNINITIALIZED_AUTOS = YES_AGGRESSIVE;
				GCC_WARN_UNUSED_FUNCTION = YES;
				GCC_WARN_UNUSED_VARIABLE = YES;
				IPHONEOS_DEPLOYMENT_TARGET = 13.2;
				MTL_ENABLE_DEBUG_INFO = INCLUDE_SOURCE;
				MTL_FAST_MATH = YES;
				ONLY_ACTIVE_ARCH = YES;
				SDKROOT = iphoneos;
				SWIFT_ACTIVE_COMPILATION_CONDITIONS = DEBUG;
				SWIFT_OPTIMIZATION_LEVEL = "-Onone";
			};
			name = Debug;
		};
		F5120392240C976A00F1D156 /* Release */ = {
			isa = XCBuildConfiguration;
			buildSettings = {
				ALWAYS_SEARCH_USER_PATHS = NO;
				CLANG_ANALYZER_NONNULL = YES;
				CLANG_ANALYZER_NUMBER_OBJECT_CONVERSION = YES_AGGRESSIVE;
				CLANG_CXX_LANGUAGE_STANDARD = "gnu++14";
				CLANG_CXX_LIBRARY = "libc++";
				CLANG_ENABLE_MODULES = YES;
				CLANG_ENABLE_OBJC_ARC = YES;
				CLANG_ENABLE_OBJC_WEAK = YES;
				CLANG_WARN_BLOCK_CAPTURE_AUTORELEASING = YES;
				CLANG_WARN_BOOL_CONVERSION = YES;
				CLANG_WARN_COMMA = YES;
				CLANG_WARN_CONSTANT_CONVERSION = YES;
				CLANG_WARN_DEPRECATED_OBJC_IMPLEMENTATIONS = YES;
				CLANG_WARN_DIRECT_OBJC_ISA_USAGE = YES_ERROR;
				CLANG_WARN_DOCUMENTATION_COMMENTS = YES;
				CLANG_WARN_EMPTY_BODY = YES;
				CLANG_WARN_ENUM_CONVERSION = YES;
				CLANG_WARN_INFINITE_RECURSION = YES;
				CLANG_WARN_INT_CONVERSION = YES;
				CLANG_WARN_NON_LITERAL_NULL_CONVERSION = YES;
				CLANG_WARN_OBJC_IMPLICIT_RETAIN_SELF = YES;
				CLANG_WARN_OBJC_LITERAL_CONVERSION = YES;
				CLANG_WARN_OBJC_ROOT_CLASS = YES_ERROR;
				CLANG_WARN_RANGE_LOOP_ANALYSIS = YES;
				CLANG_WARN_STRICT_PROTOTYPES = YES;
				CLANG_WARN_SUSPICIOUS_MOVE = YES;
				CLANG_WARN_UNGUARDED_AVAILABILITY = YES_AGGRESSIVE;
				CLANG_WARN_UNREACHABLE_CODE = YES;
				CLANG_WARN__DUPLICATE_METHOD_MATCH = YES;
				COPY_PHASE_STRIP = NO;
				DEBUG_INFORMATION_FORMAT = "dwarf-with-dsym";
				ENABLE_NS_ASSERTIONS = NO;
				ENABLE_STRICT_OBJC_MSGSEND = YES;
				GCC_C_LANGUAGE_STANDARD = gnu11;
				GCC_NO_COMMON_BLOCKS = YES;
				GCC_WARN_64_TO_32_BIT_CONVERSION = YES;
				GCC_WARN_ABOUT_RETURN_TYPE = YES_ERROR;
				GCC_WARN_UNDECLARED_SELECTOR = YES;
				GCC_WARN_UNINITIALIZED_AUTOS = YES_AGGRESSIVE;
				GCC_WARN_UNUSED_FUNCTION = YES;
				GCC_WARN_UNUSED_VARIABLE = YES;
				IPHONEOS_DEPLOYMENT_TARGET = 13.2;
				MTL_ENABLE_DEBUG_INFO = NO;
				MTL_FAST_MATH = YES;
				SDKROOT = iphoneos;
				SWIFT_COMPILATION_MODE = wholemodule;
				SWIFT_OPTIMIZATION_LEVEL = "-O";
				VALIDATE_PRODUCT = YES;
			};
			name = Release;
		};
		F5120394240C976A00F1D156 /* Debug */ = {
			isa = XCBuildConfiguration;
			buildSettings = {
				ASSETCATALOG_COMPILER_APPICON_NAME = AppIcon;
				CODE_SIGN_STYLE = Automatic;
				DEVELOPMENT_ASSET_PATHS = "\"Sage/Preview Content\"";
				ENABLE_PREVIEWS = YES;
				INFOPLIST_FILE = Sage/Info.plist;
				LD_RUNPATH_SEARCH_PATHS = (
					"$(inherited)",
					"@executable_path/Frameworks",
				);
				PRODUCT_BUNDLE_IDENTIFIER = Testing.Sage;
				PRODUCT_NAME = "$(TARGET_NAME)";
				SWIFT_VERSION = 5.0;
				TARGETED_DEVICE_FAMILY = "1,2";
			};
			name = Debug;
		};
		F5120395240C976A00F1D156 /* Release */ = {
			isa = XCBuildConfiguration;
			buildSettings = {
				ASSETCATALOG_COMPILER_APPICON_NAME = AppIcon;
				CODE_SIGN_STYLE = Automatic;
				DEVELOPMENT_ASSET_PATHS = "\"Sage/Preview Content\"";
				ENABLE_PREVIEWS = YES;
				INFOPLIST_FILE = Sage/Info.plist;
				LD_RUNPATH_SEARCH_PATHS = (
					"$(inherited)",
					"@executable_path/Frameworks",
				);
				PRODUCT_BUNDLE_IDENTIFIER = Testing.Sage;
				PRODUCT_NAME = "$(TARGET_NAME)";
				SWIFT_VERSION = 5.0;
				TARGETED_DEVICE_FAMILY = "1,2";
			};
			name = Release;
		};
/* End XCBuildConfiguration section */

/* Begin XCConfigurationList section */
		F512037A240C976800F1D156 /* Build configuration list for PBXProject "Sage" */ = {
			isa = XCConfigurationList;
			buildConfigurations = (
				F5120391240C976A00F1D156 /* Debug */,
				F5120392240C976A00F1D156 /* Release */,
			);
			defaultConfigurationIsVisible = 0;
			defaultConfigurationName = Release;
		};
		F5120393240C976A00F1D156 /* Build configuration list for PBXNativeTarget "Sage" */ = {
			isa = XCConfigurationList;
			buildConfigurations = (
				F5120394240C976A00F1D156 /* Debug */,
				F5120395240C976A00F1D156 /* Release */,
			);
			defaultConfigurationIsVisible = 0;
			defaultConfigurationName = Release;
		};
/* End XCConfigurationList section */
	};
	rootObject = F5120377240C976800F1D156 /* Project object */;
}
